
Microsoft Visual Studio Solution File, Format Version 12.00
# Visual Studio Version 17
VisualStudioVersion = 17.5.33516.290
MinimumVisualStudioVersion = 10.0.40219.1
Project("{9A19103F-16F7-4668-BE54-9A1E7A4F7556}") = "AICommunicationService.Api", "AICommunicationService.Api\AICommunicationService.Api.csproj", "{EA372426-2C85-48BA-8178-AF0DFB1EFCA6}"
EndProject
Project("{9A19103F-16F7-4668-BE54-9A1E7A4F7556}") = "AICommunicationService.BLL", "AICommunicationService.BLL\AICommunicationService.BLL.csproj", "{DDB6C5E0-180C-48EC-A39B-3A71A09D2D39}"
EndProject
Project("{9A19103F-16F7-4668-BE54-9A1E7A4F7556}") = "AICommunicationService.Common", "AICommunicationService.Common\AICommunicationService.Common.csproj", "{BBF1A344-055F-4A04-B0D0-C333390B721A}"
EndProject
Project("{9A19103F-16F7-4668-BE54-9A1E7A4F7556}") = "AICommunicationService.DAL", "AICommunicationService.DAL\AICommunicationService.DAL.csproj", "{B4C52BC4-19B7-440D-9C6A-824546837CF8}"
EndProject
Project("{9A19103F-16F7-4668-BE54-9A1E7A4F7556}") = "AiCommunicationService.Tests", "AiCommunicationService.Tests\AiCommunicationService.Tests.csproj", "{BA59B1D9-B455-4C3D-9742-33C1807FC4C5}"
EndProject
Project("{FAE04EC0-301F-11D3-BF4B-00C04F79EFBC}") = "AICommunicationService.RAG", "AICommunicationService.RAG\AICommunicationService.RAG.csproj", "{228D7BF2-73E4-4ED4-B258-1517FFF8702E}"
EndProject
Global
	GlobalSection(SolutionConfigurationPlatforms) = preSolution
		Debug|Any CPU = Debug|Any CPU
		Release|Any CPU = Release|Any CPU
	EndGlobalSection
	GlobalSection(ProjectConfigurationPlatforms) = postSolution
		{EA372426-2C85-48BA-8178-AF0DFB1EFCA6}.Debug|Any CPU.ActiveCfg = Debug|Any CPU
		{EA372426-2C85-48BA-8178-AF0DFB1EFCA6}.Debug|Any CPU.Build.0 = Debug|Any CPU
		{EA372426-2C85-48BA-8178-AF0DFB1EFCA6}.Release|Any CPU.ActiveCfg = Release|Any CPU
		{EA372426-2C85-48BA-8178-AF0DFB1EFCA6}.Release|Any CPU.Build.0 = Release|Any CPU
		{DDB6C5E0-180C-48EC-A39B-3A71A09D2D39}.Debug|Any CPU.ActiveCfg = Debug|Any CPU
		{DDB6C5E0-180C-48EC-A39B-3A71A09D2D39}.Debug|Any CPU.Build.0 = Debug|Any CPU
		{DDB6C5E0-180C-48EC-A39B-3A71A09D2D39}.Release|Any CPU.ActiveCfg = Release|Any CPU
		{DDB6C5E0-180C-48EC-A39B-3A71A09D2D39}.Release|Any CPU.Build.0 = Release|Any CPU
		{BBF1A344-055F-4A04-B0D0-C333390B721A}.Debug|Any CPU.ActiveCfg = Debug|Any CPU
		{BBF1A344-055F-4A04-B0D0-C333390B721A}.Debug|Any CPU.Build.0 = Debug|Any CPU
		{BBF1A344-055F-4A04-B0D0-C333390B721A}.Release|Any CPU.ActiveCfg = Release|Any CPU
		{BBF1A344-055F-4A04-B0D0-C333390B721A}.Release|Any CPU.Build.0 = Release|Any CPU
		{B4C52BC4-19B7-440D-9C6A-824546837CF8}.Debug|Any CPU.ActiveCfg = Debug|Any CPU
		{B4C52BC4-19B7-440D-9C6A-824546837CF8}.Debug|Any CPU.Build.0 = Debug|Any CPU
		{B4C52BC4-19B7-440D-9C6A-824546837CF8}.Release|Any CPU.ActiveCfg = Release|Any CPU
		{B4C52BC4-19B7-440D-9C6A-824546837CF8}.Release|Any CPU.Build.0 = Release|Any CPU
		{BA59B1D9-B455-4C3D-9742-33C1807FC4C5}.Debug|Any CPU.ActiveCfg = Debug|Any CPU
		{BA59B1D9-B455-4C3D-9742-33C1807FC4C5}.Debug|Any CPU.Build.0 = Debug|Any CPU
		{BA59B1D9-B455-4C3D-9742-33C1807FC4C5}.Release|Any CPU.ActiveCfg = Release|Any CPU
		{BA59B1D9-B455-4C3D-9742-33C1807FC4C5}.Release|Any CPU.Build.0 = Release|Any CPU
		{228D7BF2-73E4-4ED4-B258-1517FFF8702E}.Debug|Any CPU.ActiveCfg = Debug|Any CPU
		{228D7BF2-73E4-4ED4-B258-1517FFF8702E}.Debug|Any CPU.Build.0 = Debug|Any CPU
		{228D7BF2-73E4-4ED4-B258-1517FFF8702E}.Release|Any CPU.ActiveCfg = Release|Any CPU
		{228D7BF2-73E4-4ED4-B258-1517FFF8702E}.Release|Any CPU.Build.0 = Release|Any CPU
	EndGlobalSection
	GlobalSection(SolutionProperties) = preSolution
		HideSolutionNode = FALSE
	EndGlobalSection
	GlobalSection(ExtensibilityGlobals) = postSolution
		SolutionGuid = {01FA132B-324A-40B3-B8E2-96D3CF7BE7DE}
	EndGlobalSection
EndGlobal
